
Microsoft Visual Studio Solution File, Format Version 12.00
# Visual Studio Version 16
VisualStudioVersion = 16.0.30309.148
MinimumVisualStudioVersion = 10.0.40219.1
Project("{FAE04EC0-301F-11D3-BF4B-00C04F79EFBC}") = "Notepad", "Notepad.csproj", "{279BA951-D73B-4585-ADB6-E5946110FED3}"
EndProject
Global
	GlobalSection(SolutionConfigurationPlatforms) = preSolution
		Debug|Any CPU = Debug|Any CPU
		Release|Any CPU = Release|Any CPU
	EndGlobalSection
	GlobalSection(ProjectConfigurationPlatforms) = postSolution
		{279BA951-D73B-4585-ADB6-E5946110FED3}.Debug|Any CPU.ActiveCfg = Debug|Any CPU
		{279BA951-D73B-4585-ADB6-E5946110FED3}.Debug|Any CPU.Build.0 = Debug|Any CPU
		{279BA951-D73B-4585-ADB6-E5946110FED3}.Release|Any CPU.ActiveCfg = Release|Any CPU
		{279BA951-D73B-4585-ADB6-E5946110FED3}.Release|Any CPU.Build.0 = Release|Any CPU
	EndGlobalSection
	GlobalSection(SolutionProperties) = preSolution
		HideSolutionNode = FALSE
	EndGlobalSection
	GlobalSection(ExtensibilityGlobals) = postSolution
		SolutionGuid = {5D231545-E73B-485A-BD5F-E0A1E6DEA4A4}
	EndGlobalSection
EndGlobal
